lockfileVersion: '9.0'

settings:
  autoInstallPeers: true
  excludeLinksFromLockfile: false

importers:

  .:
    dependencies:
      xstate:
        specifier: ^5.18.2
        version: 5.18.2

packages:

  xstate@5.18.2:
    resolution: {integrity: sha512-hab5VOe29D0agy8/7dH1lGw+7kilRQyXwpaChoMu4fe6rDP+nsHYhDYKfS2O4iXE7myA98TW6qMEudj/8NXEkA==}

snapshots:

  xstate@5.18.2: {}
